// !$*UTF8*$!
{
	archiveVersion = 1;
	classes = {
	};
	objectVersion = 77;
	objects = {

/* Begin PBXContainerItemProxy section */
		54DBFCE32FF95352007DC0C0 /* PBXContainerItemProxy */ = {
			isa = PBXContainerItemProxy;
			containerPortal = 54DBFCCD2FF95350007DC0C0 /* Project object */;
			proxyType = 1;
			remoteGlobalIDString = 54DBFCD42FF95350007DC0C0;
			remoteInfo = "SwiftUI-Wheather";
		};
		54DBFCED2FF95352007DC0C0 /* PBXContainerItemProxy */ = {
			isa = PBXContainerItemProxy;
			containerPortal = 54DBFCCD2FF95350007DC0C0 /* Project object */;
			proxyType = 1;
			remoteGlobalIDString = 54DBFCD42FF95350007DC0C0;
			remoteInfo = "SwiftUI-Wheather";
		};
/* End PBXContainerItemProxy section */

/* Begin PBXFileReference section */
		54DBFCD52FF95350007DC0C0 /* SwiftUI-Wheather.app */ = {isa = PBXFileReference; explicitFileType = wrapper.application; includeInIndex = 0; path = "SwiftUI-Wheather.app"; sourceTree = BUILT_PRODUCTS_DIR; };
		54DBFCE22FF95352007DC0C0 /* SwiftUI-WheatherTests.xctest */ = {isa = PBXFileReference; explicitFileType = wrapper.cfbundle; includeInIndex = 0; path = "SwiftUI-WheatherTests.xctest"; sourceTree = BUILT_PRODUCTS_DIR; };
		54DBFCEC2FF95352007DC0C0 /* SwiftUI-WheatherUITests.xctest */ = {isa = PBXFileReference; explicitFileType = wrapper.cfbundle; includeInIndex = 0; path = "SwiftUI-WheatherUITests.xctest"; sourceTree = BUILT_PRODUCTS_DIR; };
/* End PBXFileReference section */

/* Begin PBXFileSystemSynchronizedRootGroup section */
		54DBFCD72FF95350007DC0C0 /* SwiftUI-Wheather */ = {
			isa = PBXFileSystemSynchronizedRootGroup;
			path = "SwiftUI-Wheather";
			sourceTree = "<group>";
		};
		54DBFCE52FF95352007DC0C0 /* SwiftUI-WheatherTests */ = {
			isa = PBXFileSystemSynchronizedRootGroup;
			path = "SwiftUI-WheatherTests";
			sourceTree = "<group>";
		};
		54DBFCEF2FF95352007DC0C0 /* SwiftUI-WheatherUITests */ = {
			isa = PBXFileSystemSynchronizedRootGroup;
			path = "SwiftUI-WheatherUITests";
			sourceTree = "<group>";
		};
/* End PBXFileSystemSynchronizedRootGroup section */

/* Begin PBXFrameworksBuildPhase section */
		54DBFCD22FF95350007DC0C0 /* Frameworks */ = {
			isa = PBXFrameworksBuildPhase;
			buildActionMask = 2147483647;
			files = (
			);
			runOnlyForDeploymentPostprocessing = 0;
		};
		54DBFCDF2FF95352007DC0C0 /* Frameworks */ = {
			isa = PBXFrameworksBuildPhase;
			buildActionMask = 2147483647;
			files = (
			);
			runOnlyForDeploymentPostprocessing = 0;
		};
		54DBFCE92FF95352007DC0C0 /* Frameworks */ = {
			isa = PBXFrameworksBuildPhase;
			buildActionMask = 2147483647;
			files = (
			);
			runOnlyForDeploymentPostprocessing = 0;
		};
/* End PBXFrameworksBuildPhase section */

/* Begin PBXGroup section */
		54DBFCCC2FF95350007DC0C0 = {
			isa = PBXGroup;
			children = (
				54DBFCD72FF95350007DC0C0 /* SwiftUI-Wheather */,
				54DBFCE52FF95352007DC0C0 /* SwiftUI-WheatherTests */,
				54DBFCEF2FF95352007DC0C0 /* SwiftUI-WheatherUITests */,
				54DBFCD62FF95350007DC0C0 /* Products */,
			);
			sourceTree = "<group>";
		};
		54DBFCD62FF95350007DC0C0 /* Products */ = {
			isa = PBXGroup;
			children = (
				54DBFCD52FF95350007DC0C0 /* SwiftUI-Wheather.app */,
				54DBFCE22FF95352007DC0C0 /* SwiftUI-WheatherTests.xctest */,
				54DBFCEC2FF95352007DC0C0 /* SwiftUI-WheatherUITests.xctest */,
			);
			name = Products;
			sourceTree = "<group>";
		};
/* End PBXGroup section */

/* Begin PBXNativeTarget section */
		54DBFCD42FF95350007DC0C0 /* SwiftUI-Wheather */ = {
			isa = PBXNativeTarget;
			buildConfigurationList = 54DBFCF62FF95352007DC0C0 /* Build configuration list for PBXNativeTarget "SwiftUI-Wheather" */;
			buildPhases = (
				54DBFCD12FF95350007DC0C0 /* Sources */,
				54DBFCD22FF95350007DC0C0 /* Frameworks */,
				54DBFCD32FF95350007DC0C0 /* Resources */,
			);
			buildRules = (
			);
			dependencies = (
			);
			fileSystemSynchronizedGroups = (
				54DBFCD72FF95350007DC0C0 /* SwiftUI-Wheather */,
			);
			name = "SwiftUI-Wheather";
			packageProductDependencies = (
			);
			productName = "SwiftUI-Wheather";
			productReference = 54DBFCD52FF95350007DC0C0 /* SwiftUI-Wheather.app */;
			productType = "com.apple.product-type.application";
		};
		54DBFCE12FF95352007DC0C0 /* SwiftUI-WheatherTests */ = {
			isa = PBXNativeTarget;
			buildConfigurationList = 54DBFCF92FF95352007DC0C0 /* Build configuration list for PBXNativeTarget "SwiftUI-WheatherTests" */;
			buildPhases = (
				54DBFCDE2FF95352007DC0C0 /* Sources */,
				54DBFCDF2FF95352007DC0C0 /* Frameworks */,
				54DBFCE02FF95352007DC0C0 /* Resources */,
			);
			buildRules = (
			);
			dependencies = (
				54DBFCE42FF95352007DC0C0 /* PBXTargetDependency */,
			);
			fileSystemSynchronizedGroups = (
				54DBFCE52FF95352007DC0C0 /* SwiftUI-WheatherTests */,
			);
			name = "SwiftUI-WheatherTests";
			packageProductDependencies = (
			);
			productName = "SwiftUI-WheatherTests";
			productReference = 54DBFCE22FF95352007DC0C0 /* SwiftUI-WheatherTests.xctest */;
			productType = "com.apple.product-type.bundle.unit-test";
		};
		54DBFCEB2FF95352007DC0C0 /* SwiftUI-WheatherUITests */ = {
			isa = PBXNativeTarget;
			buildConfigurationList = 54DBFCFC2FF95352007DC0C0 /* Build configuration list for PBXNativeTarget "SwiftUI-WheatherUITests" */;
			buildPhases = (
				54DBFCE82FF95352007DC0C0 /* Sources */,
				54DBFCE92FF95352007DC0C0 /* Frameworks */,
				54DBFCEA2FF95352007DC0C0 /* Resources */,
			);
			buildRules = (
			);
			dependencies = (
				54DBFCEE2FF95352007DC0C0 /* PBXTargetDependency */,
			);
			fileSystemSynchronizedGroups = (
				54DBFCEF2FF95352007DC0C0 /* SwiftUI-WheatherUITests */,
			);
			name = "SwiftUI-WheatherUITests";
			packageProductDependencies = (
			);
			productName = "SwiftUI-WheatherUITests";
			productReference = 54DBFCEC2FF95352007DC0C0 /* SwiftUI-WheatherUITests.xctest */;
			productType = "com.apple.product-type.bundle.ui-testing";
		};
/* End PBXNativeTarget section */

/* Begin PBXProject section */
		54DBFCCD2FF95350007DC0C0 /* Project object */ = {
			isa = PBXProject;
			attributes = {
				BuildIndependentTargetsInParallel = 1;
				LastSwiftUpdateCheck = 1640;
				LastUpgradeCheck = 1640;
				TargetAttributes = {
					54DBFCD42FF95350007DC0C0 = {
						CreatedOnToolsVersion = 16.4;
					};
					54DBFCE12FF95352007DC0C0 = {
						CreatedOnToolsVersion = 16.4;
						TestTargetID = 54DBFCD42FF95350007DC0C0;
					};
					54DBFCEB2FF95352007DC0C0 = {
						CreatedOnToolsVersion = 16.4;
						TestTargetID = 54DBFCD42FF95350007DC0C0;
					};
				};
			};
			buildConfigurationList = 54DBFCD02FF95350007DC0C0 /* Build configuration list for PBXProject "SwiftUI-Wheather" */;
			developmentRegion = en;
			hasScannedForEncodings = 0;
			knownRegions = (
				en,
				Base,
			);
			mainGroup = 54DBFCCC2FF95350007DC0C0;
			minimizedProjectReferenceProxies = 1;
			preferredProjectObjectVersion = 77;
			productRefGroup = 54DBFCD62FF95350007DC0C0 /* Products */;
			projectDirPath = "";
			projectRoot = "";
			targets = (
				54DBFCD42FF95350007DC0C0 /* SwiftUI-Wheather */,
				54DBFCE12FF95352007DC0C0 /* SwiftUI-WheatherTests */,
				54DBFCEB2FF95352007DC0C0 /* SwiftUI-WheatherUITests */,
			);
		};
/* End PBXProject section */

/* Begin PBXResourcesBuildPhase section */
		54DBFCD32FF95350007DC0C0 /* Resources */ = {
			isa = PBXResourcesBuildPhase;
			buildActionMask = 2147483647;
			files = (
			);
			runOnlyForDeploymentPostprocessing = 0;
		};
		54DBFCE02FF95352007DC0C0 /* Resources */ = {
			isa = PBXResourcesBuildPhase;
			buildActionMask = 2147483647;
			files = (
			);
			runOnlyForDeploymentPostprocessing = 0;
		};
		54DBFCEA2FF95352007DC0C0 /* Resources */ = {
			isa = PBXResourcesBuildPhase;
			buildActionMask = 2147483647;
			files = (
			);
			runOnlyForDeploymentPostprocessing = 0;
		};
/* End PBXResourcesBuildPhase section */

/* Begin PBXSourcesBuildPhase section */
		54DBFCD12FF95350007DC0C0 /* Sources */ = {
			isa = PBXSourcesBuildPhase;
			buildActionMask = 2147483647;
			files = (
			);
			runOnlyForDeploymentPostprocessing = 0;
		};
		54DBFCDE2FF95352007DC0C0 /* Sources */ = {
			isa = PBXSourcesBuildPhase;
			buildActionMask = 2147483647;
			files = (
			);
			runOnlyForDeploymentPostprocessing = 0;
		};
		54DBFCE82FF95352007DC0C0 /* Sources */ = {
			isa = PBXSourcesBuildPhase;
			buildActionMask = 2147483647;
			files = (
			);
			runOnlyForDeploymentPostprocessing = 0;
		};
/* End PBXSourcesBuildPhase section */

/* Begin PBXTargetDependency section */
		54DBFCE42FF95352007DC0C0 /* PBXTargetDependency */ = {
			isa = PBXTargetDependency;
			target = 54DBFCD42FF95350007DC0C0 /* SwiftUI-Wheather */;
			targetProxy = 54DBFCE32FF95352007DC0C0 /* PBXContainerItemProxy */;
		};
		54DBFCEE2FF95352007DC0C0 /* PBXTargetDependency */ = {
			isa = PBXTargetDependency;
			target = 54DBFCD42FF95350007DC0C0 /* SwiftUI-Wheather */;
			targetProxy = 54DBFCED2FF95352007DC0C0 /* PBXContainerItemProxy */;
		};
/* End PBXTargetDependency section */

/* Begin XCBuildConfiguration section */
		54DBFCF42FF95352007DC0C0 /* Debug */ = {
			isa = XCBuildConfiguration;
			buildSettings = {
				ALWAYS_SEARCH_USER_PATHS = NO;
				ASSETCATALOG_COMPILER_GENERATE_SWIFT_ASSET_SYMBOL_EXTENSIONS = YES;
				CLANG_ANALYZER_NONNULL = YES;
				CLANG_ANALYZER_NUMBER_OBJECT_CONVERSION = YES_AGGRESSIVE;
				CLANG_CXX_LANGUAGE_STANDARD = "gnu++20";
				CLANG_ENABLE_MODULES = YES;
				CLANG_ENABLE_OBJC_ARC = YES;
				CLANG_ENABLE_OBJC_WEAK = YES;
				CLANG_WARN_BLOCK_CAPTURE_AUTORELEASING = YES;
				CLANG_WARN_BOOL_CONVERSION = YES;
				CLANG_WARN_COMMA = YES;
				CLANG_WARN_CONSTANT_CONVERSION = YES;
				CLANG_WARN_DEPRECATED_OBJC_IMPLEMENTATIONS = YES;
				CLANG_WARN_DIRECT_OBJC_ISA_USAGE = YES_ERROR;
				CLANG_WARN_DOCUMENTATION_COMMENTS = YES;
				CLANG_WARN_EMPTY_BODY = YES;
				CLANG_WARN_ENUM_CONVERSION = YES;
				CLANG_WARN_INFINITE_RECURSION = YES;
				CLANG_WARN_INT_CONVERSION = YES;
				CLANG_WARN_NON_LITERAL_NULL_CONVERSION = YES;
				CLANG_WARN_OBJC_IMPLICIT_RETAIN_SELF = YES;
				CLANG_WARN_OBJC_LITERAL_CONVERSION = YES;
				CLANG_WARN_OBJC_ROOT_CLASS = YES_ERROR;
				CLANG_WARN_QUOTED_INCLUDE_IN_FRAMEWORK_HEADER = YES;
				CLANG_WARN_RANGE_LOOP_ANALYSIS = YES;
				CLANG_WARN_STRICT_PROTOTYPES = YES;
				CLANG_WARN_SUSPICIOUS_MOVE = YES;
				CLANG_WARN_UNGUARDED_AVAILABILITY = YES_AGGRESSIVE;
				CLANG_WARN_UNREACHABLE_CODE = YES;
				CLANG_WARN__DUPLICATE_METHOD_MATCH = YES;
				COPY_PHASE_STRIP = NO;
				DEBUG_INFORMATION_FORMAT = dwarf;
				DEVELOPMENT_TEAM = URN6QS7ZRD;
				ENABLE_STRICT_OBJC_MSGSEND = YES;
				ENABLE_TESTABILITY = YES;
				ENABLE_USER_SCRIPT_SANDBOXING = YES;
				GCC_C_LANGUAGE_STANDARD = gnu17;
				GCC_DYNAMIC_NO_PIC = NO;
				GCC_NO_COMMON_BLOCKS = YES;
				GCC_OPTIMIZATION_LEVEL = 0;
				GCC_PREPROCESSOR_DEFINITIONS = (
					"DEBUG=1",
					"$(inherited)",
				);
				GCC_WARN_64_TO_32_BIT_CONVERSION = YES;
				GCC_WARN_ABOUT_RETURN_TYPE = YES_ERROR;
				GCC_WARN_UNDECLARED_SELECTOR = YES;
				GCC_WARN_UNINITIALIZED_AUTOS = YES_AGGRESSIVE;
				GCC_WARN_UNUSED_FUNCTION = YES;
				GCC_WARN_UNUSED_VARIABLE = YES;
				IPHONEOS_DEPLOYMENT_TARGET = 18.5;
				LOCALIZATION_PREFERS_STRING_CATALOGS = YES;
				MTL_ENABLE_DEBUG_INFO = INCLUDE_SOURCE;
				MTL_FAST_MATH = YES;
				ONLY_ACTIVE_ARCH = YES;
				SDKROOT = iphoneos;
				SWIFT_ACTIVE_COMPILATION_CONDITIONS = "DEBUG $(inherited)";
				SWIFT_OPTIMIZATION_LEVEL = "-Onone";
			};
			name = Debug;
		};
		54DBFCF52FF95352007DC0C0 /* Release */ = {
			isa = XCBuildConfiguration;
			buildSettings = {
				ALWAYS_SEARCH_USER_PATHS = NO;
				ASSETCATALOG_COMPILER_GENERATE_SWIFT_ASSET_SYMBOL_EXTENSIONS = YES;
				CLANG_ANALYZER_NONNULL = YES;
				CLANG_ANALYZER_NUMBER_OBJECT_CONVERSION = YES_AGGRESSIVE;
				CLANG_CXX_LANGUAGE_STANDARD = "gnu++20";
				CLANG_ENABLE_MODULES = YES;
				CLANG_ENABLE_OBJC_ARC = YES;
				CLANG_ENABLE_OBJC_WEAK = YES;
				CLANG_WARN_BLOCK_CAPTURE_AUTORELEASING = YES;
				CLANG_WARN_BOOL_CONVERSION = YES;
				CLANG_WARN_COMMA = YES;
				CLANG_WARN_CONSTANT_CONVERSION = YES;
				CLANG_WARN_DEPRECATED_OBJC_IMPLEMENTATIONS = YES;
				CLANG_WARN_DIRECT_OBJC_ISA_USAGE = YES_ERROR;
				CLANG_WARN_DOCUMENTATION_COMMENTS = YES;
				CLANG_WARN_EMPTY_BODY = YES;
				CLANG_WARN_ENUM_CONVERSION = YES;
				CLANG_WARN_INFINITE_RECURSION = YES;
				CLANG_WARN_INT_CONVERSION = YES;
				CLANG_WARN_NON_LITERAL_NULL_CONVERSION = YES;
				CLANG_WARN_OBJC_IMPLICIT_RETAIN_SELF = YES;
				CLANG_WARN_OBJC_LITERAL_CONVERSION = YES;
				CLANG_WARN_OBJC_ROOT_CLASS = YES_ERROR;
				CLANG_WARN_QUOTED_INCLUDE_IN_FRAMEWORK_HEADER = YES;
				CLANG_WARN_RANGE_LOOP_ANALYSIS = YES;
				CLANG_WARN_STRICT_PROTOTYPES = YES;
				CLANG_WARN_SUSPICIOUS_MOVE = YES;
				CLANG_WARN_UNGUARDED_AVAILABILITY = YES_AGGRESSIVE;
				CLANG_WARN_UNREACHABLE_CODE = YES;
				CLANG_WARN__DUPLICATE_METHOD_MATCH = YES;
				COPY_PHASE_STRIP = NO;
				DEBUG_INFORMATION_FORMAT = "dwarf-with-dsym";
				DEVELOPMENT_TEAM = URN6QS7ZRD;
				ENABLE_NS_ASSERTIONS = NO;
				ENABLE_STRICT_OBJC_MSGSEND = YES;
				ENABLE_USER_SCRIPT_SANDBOXING = YES;
				GCC_C_LANGUAGE_STANDARD = gnu17;
				GCC_NO_COMMON_BLOCKS = YES;
				GCC_WARN_64_TO_32_BIT_CONVERSION = YES;
				GCC_WARN_ABOUT_RETURN_TYPE = YES_ERROR;
				GCC_WARN_UNDECLARED_SELECTOR = YES;
				GCC_WARN_UNINITIALIZED_AUTOS = YES_AGGRESSIVE;
				GCC_WARN_UNUSED_FUNCTION = YES;
				GCC_WARN_UNUSED_VARIABLE = YES;
				IPHONEOS_DEPLOYMENT_TARGET = 18.5;
				LOCALIZATION_PREFERS_STRING_CATALOGS = YES;
				MTL_ENABLE_DEBUG_INFO = NO;
				MTL_FAST_MATH = YES;
				SDKROOT = iphoneos;
				SWIFT_COMPILATION_MODE = wholemodule;
				VALIDATE_PRODUCT = YES;
			};
			name = Release;
		};
		54DBFCF72FF95352007DC0C0 /* Debug */ = {
			isa = XCBuildConfiguration;
			buildSettings = {
				ASSETCATALOG_COMPILER_APPICON_NAME = AppIcon;
				ASSETCATALOG_COMPILER_GLOBAL_ACCENT_COLOR_NAME = AccentColor;
				CODE_SIGN_STYLE = Automatic;
				CURRENT_PROJECT_VERSION = 1;
				DEVELOPMENT_TEAM = URN6QS7ZRD;
				ENABLE_PREVIEWS = YES;
				GENERATE_INFOPLIST_FILE = YES;
				INFOPLIST_KEY_UIApplicationSceneManifest_Generation = YES;
				INFOPLIST_KEY_UIApplicationSupportsIndirectInputEvents = YES;
				INFOPLIST_KEY_UILaunchScreen_Generation = YES;
				INFOPLIST_KEY_UISupportedInterfaceOrientations_iPad = "UIInterfaceOrientationPortrait UIInterfaceOrientationPortraitUpsideDown UIInterfaceOrientationLandscapeLeft UIInterfaceOrientationLandscapeRight";
				INFOPLIST_KEY_UISupportedInterfaceOrientations_iPhone = "UIInterfaceOrientationPortrait UIInterfaceOrientationLandscapeLeft UIInterfaceOrientationLandscapeRight";
				LD_RUNPATH_SEARCH_PATHS = (
					"$(inherited)",
					"@executable_path/Frameworks",
				);
				MARKETING_VERSION = 1.0;
				PRODUCT_BUNDLE_IDENTIFIER = "sebaS.SwiftUI-Wheather";
				PRODUCT_NAME = "$(TARGET_NAME)";
				SWIFT_EMIT_LOC_STRINGS = YES;
				SWIFT_VERSION = 5.0;
				TARGETED_DEVICE_FAMILY = "1,2";
			};
			name = Debug;
		};
		54DBFCF82FF95352007DC0C0 /* Release */ = {
			isa = XCBuildConfiguration;
			buildSettings = {
				ASSETCATALOG_COMPILER_APPICON_NAME = AppIcon;
				ASSETCATALOG_COMPILER_GLOBAL_ACCENT_COLOR_NAME = AccentColor;
				CODE_SIGN_STYLE = Automatic;
				CURRENT_PROJECT_VERSION = 1;
				DEVELOPMENT_TEAM = URN6QS7ZRD;
				ENABLE_PREVIEWS = YES;
				GENERATE_INFOPLIST_FILE = YES;
				INFOPLIST_KEY_UIApplicationSceneManifest_Generation = YES;
				INFOPLIST_KEY_UIApplicationSupportsIndirectInputEvents = YES;
				INFOPLIST_KEY_UILaunchScreen_Generation = YES;
				INFOPLIST_KEY_UISupportedInterfaceOrientations_iPad = "UIInterfaceOrientationPortrait UIInterfaceOrientationPortraitUpsideDown UIInterfaceOrientationLandscapeLeft UIInterfaceOrientationLandscapeRight";
				INFOPLIST_KEY_UISupportedInterfaceOrientations_iPhone = "UIInterfaceOrientationPortrait UIInterfaceOrientationLandscapeLeft UIInterfaceOrientationLandscapeRight";
				LD_RUNPATH_SEARCH_PATHS = (
					"$(inherited)",
					"@executable_path/Frameworks",
				);
				MARKETING_VERSION = 1.0;
				PRODUCT_BUNDLE_IDENTIFIER = "sebaS.SwiftUI-Wheather";
				PRODUCT_NAME = "$(TARGET_NAME)";
				SWIFT_EMIT_LOC_STRINGS = YES;
				SWIFT_VERSION = 5.0;
				TARGETED_DEVICE_FAMILY = "1,2";
			};
			name = Release;
		};
		54DBFCFA2FF95352007DC0C0 /* Debug */ = {
			isa = XCBuildConfiguration;
			buildSettings = {
				BUNDLE_LOADER = "$(TEST_HOST)";
				CODE_SIGN_STYLE = Automatic;
				CURRENT_PROJECT_VERSION = 1;
				DEVELOPMENT_TEAM = URN6QS7ZRD;
				GENERATE_INFOPLIST_FILE = YES;
				IPHONEOS_DEPLOYMENT_TARGET = 18.5;
				MARKETING_VERSION = 1.0;
				PRODUCT_BUNDLE_IDENTIFIER = "sebaS.SwiftUI-WheatherTests";
				PRODUCT_NAME = "$(TARGET_NAME)";
				SWIFT_EMIT_LOC_STRINGS = NO;
				SWIFT_VERSION = 5.0;
				TARGETED_DEVICE_FAMILY = "1,2";
				TEST_HOST = "$(BUILT_PRODUCTS_DIR)/SwiftUI-Wheather.app/$(BUNDLE_EXECUTABLE_FOLDER_PATH)/SwiftUI-Wheather";
			};
			name = Debug;
		};
		54DBFCFB2FF95352007DC0C0 /* Release */ = {
			isa = XCBuildConfiguration;
			buildSettings = {
				BUNDLE_LOADER = "$(TEST_HOST)";
				CODE_SIGN_STYLE = Automatic;
				CURRENT_PROJECT_VERSION = 1;
				DEVELOPMENT_TEAM = URN6QS7ZRD;
				GENERATE_INFOPLIST_FILE = YES;
				IPHONEOS_DEPLOYMENT_TARGET = 18.5;
				MARKETING_VERSION = 1.0;
				PRODUCT_BUNDLE_IDENTIFIER = "sebaS.SwiftUI-WheatherTests";
				PRODUCT_NAME = "$(TARGET_NAME)";
				SWIFT_EMIT_LOC_STRINGS = NO;
				SWIFT_VERSION = 5.0;
				TARGETED_DEVICE_FAMILY = "1,2";
				TEST_HOST = "$(BUILT_PRODUCTS_DIR)/SwiftUI-Wheather.app/$(BUNDLE_EXECUTABLE_FOLDER_PATH)/SwiftUI-Wheather";
			};
			name = Release;
		};
		54DBFCFD2FF95352007DC0C0 /* Debug */ = {
			isa = XCBuildConfiguration;
			buildSettings = {
				CODE_SIGN_STYLE = Automatic;
				CURRENT_PROJECT_VERSION = 1;
				DEVELOPMENT_TEAM = URN6QS7ZRD;
				GENERATE_INFOPLIST_FILE = YES;
				MARKETING_VERSION = 1.0;
				PRODUCT_BUNDLE_IDENTIFIER = "sebaS.SwiftUI-WheatherUITests";
				PRODUCT_NAME = "$(TARGET_NAME)";
				SWIFT_EMIT_LOC_STRINGS = NO;
				SWIFT_VERSION = 5.0;
				TARGETED_DEVICE_FAMILY = "1,2";
				TEST_TARGET_NAME = "SwiftUI-Wheather";
			};
			name = Debug;
		};
		54DBFCFE2FF95352007DC0C0 /* Release */ = {
			isa = XCBuildConfiguration;
			buildSettings = {
				CODE_SIGN_STYLE = Automatic;
				CURRENT_PROJECT_VERSION = 1;
				DEVELOPMENT_TEAM = URN6QS7ZRD;
				GENERATE_INFOPLIST_FILE = YES;
				MARKETING_VERSION = 1.0;
				PRODUCT_BUNDLE_IDENTIFIER = "sebaS.SwiftUI-WheatherUITests";
				PRODUCT_NAME = "$(TARGET_NAME)";
				SWIFT_EMIT_LOC_STRINGS = NO;
				SWIFT_VERSION = 5.0;
				TARGETED_DEVICE_FAMILY = "1,2";
				TEST_TARGET_NAME = "SwiftUI-Wheather";
			};
			name = Release;
		};
/* End XCBuildConfiguration section */

/* Begin XCConfigurationList section */
		54DBFCD02FF95350007DC0C0 /* Build configuration list for PBXProject "SwiftUI-Wheather" */ = {
			isa = XCConfigurationList;
			buildConfigurations = (
				54DBFCF42FF95352007DC0C0 /* Debug */,
				54DBFCF52FF95352007DC0C0 /* Release */,
			);
			defaultConfigurationIsVisible = 0;
			defaultConfigurationName = Release;
		};
		54DBFCF62FF95352007DC0C0 /* Build configuration list for PBXNativeTarget "SwiftUI-Wheather" */ = {
			isa = XCConfigurationList;
			buildConfigurations = (
				54DBFCF72FF95352007DC0C0 /* Debug */,
				54DBFCF82FF95352007DC0C0 /* Release */,
			);
			defaultConfigurationIsVisible = 0;
			defaultConfigurationName = Release;
		};
		54DBFCF92FF95352007DC0C0 /* Build configuration list for PBXNativeTarget "SwiftUI-WheatherTests" */ = {
			isa = XCConfigurationList;
			buildConfigurations = (
				54DBFCFA2FF95352007DC0C0 /* Debug */,
				54DBFCFB2FF95352007DC0C0 /* Release */,
			);
			defaultConfigurationIsVisible = 0;
			defaultConfigurationName = Release;
		};
		54DBFCFC2FF95352007DC0C0 /* Build configuration list for PBXNativeTarget "SwiftUI-WheatherUITests" */ = {
			isa = XCConfigurationList;
			buildConfigurations = (
				54DBFCFD2FF95352007DC0C0 /* Debug */,
				54DBFCFE2FF95352007DC0C0 /* Release */,
			);
			defaultConfigurationIsVisible = 0;
			defaultConfigurationName = Release;
		};
/* End XCConfigurationList section */
	};
	rootObject = 54DBFCCD2FF95350007DC0C0 /* Project object */;
}
